PODS:
  - CardScan (2.1.2)
  - Flutter (1.0.0)
  - integration_test (0.0.1):
    - Flutter
  - iz_scan (0.0.1):
    - CardScan
    - Flutter

DEPENDENCIES:
  - Flutter (from `Flutter`)
  - integration_test (from `.symlinks/plugins/integration_test/ios`)
  - iz_scan (from `.symlinks/plugins/iz_scan/ios`)

SPEC REPOS:
  trunk:
    - CardScan

EXTERNAL SOURCES:
  Flutter:
    :path: Flutter
  integration_test:
    :path: ".symlinks/plugins/integration_test/ios"
  iz_scan:
    :path: ".symlinks/plugins/iz_scan/ios"

SPEC CHECKSUMS:
  CardScan: 8f06a55469d758f5ea1c8d79d25a668cab47ab1f
  Flutter: e0871f40cf51350855a761d2e70bf5af5b9b5de7
  integration_test: 13825b8a9334a850581300559b8839134b124670
  iz_scan: e7cc3e29b301da5f3394b587336b019979e746b8

PODFILE CHECKSUM: 29e738c666b302441e81989e097a66ecf80bd340

COCOAPODS: 1.15.2
